
Microsoft Visual Studio Solution File, Format Version 12.00
# Visual Studio Version 16
VisualStudioVersion = 16.0.31702.278
MinimumVisualStudioVersion = 10.0.40219.1
Project("{FAE04EC0-301F-11D3-BF4B-00C04F79EFBC}") = "Books", "Books.csproj", "{DDFA361A-F919-4F9F-AD49-4110FE6E1787}"
EndProject
Global
	GlobalSection(SolutionConfigurationPlatforms) = preSolution
		Debug|Any CPU = Debug|Any CPU
		Release|Any CPU = Release|Any CPU
	EndGlobalSection
	GlobalSection(ProjectConfigurationPlatforms) = postSolution
		{DDFA361A-F919-4F9F-AD49-4110FE6E1787}.Debug|Any CPU.ActiveCfg = Debug|Any CPU
		{DDFA361A-F919-4F9F-AD49-4110FE6E1787}.Debug|Any CPU.Build.0 = Debug|Any CPU
		{DDFA361A-F919-4F9F-AD49-4110FE6E1787}.Release|Any CPU.ActiveCfg = Release|Any CPU
		{DDFA361A-F919-4F9F-AD49-4110FE6E1787}.Release|Any CPU.Build.0 = Release|Any CPU
	EndGlobalSection
	GlobalSection(SolutionProperties) = preSolution
		HideSolutionNode = FALSE
	EndGlobalSection
	GlobalSection(ExtensibilityGlobals) = postSolution
		SolutionGuid = {62CE4D7F-345D-431A-BC6C-7E5B55A9485E}
	EndGlobalSection
EndGlobal
